
Microsoft Visual Studio Solution File, Format Version 12.00
# Visual Studio 15
VisualStudioVersion = 15.0.28307.421
MinimumVisualStudioVersion = 10.0.40219.1
Project("{FAE04EC0-301F-11D3-BF4B-00C04F79EFBC}") = "Partial_Views_Exercise", "Partial_Views Exercise\Partial_Views_Exercise.csproj", "{020E1086-1971-4927-B8A4-6B317B611576}"
EndProject
Global
	GlobalSection(SolutionConfigurationPlatforms) = preSolution
		Debug|Any CPU = Debug|Any CPU
		Release|Any CPU = Release|Any CPU
	EndGlobalSection
	GlobalSection(ProjectConfigurationPlatforms) = postSolution
		{020E1086-1971-4927-B8A4-6B317B611576}.Debug|Any CPU.ActiveCfg = Debug|Any CPU
		{020E1086-1971-4927-B8A4-6B317B611576}.Debug|Any CPU.Build.0 = Debug|Any CPU
		{020E1086-1971-4927-B8A4-6B317B611576}.Release|Any CPU.ActiveCfg = Release|Any CPU
		{020E1086-1971-4927-B8A4-6B317B611576}.Release|Any CPU.Build.0 = Release|Any CPU
	EndGlobalSection
	GlobalSection(SolutionProperties) = preSolution
		HideSolutionNode = FALSE
	EndGlobalSection
	GlobalSection(ExtensibilityGlobals) = postSolution
		SolutionGuid = {33D71C8C-A3BF-4A7F-AEC5-1BF7D987B6BD}
	EndGlobalSection
EndGlobal
